// !$*UTF8*$!
{
	archiveVersion = 1;
	classes = {
	};
	objectVersion = 55;
	objects = {

/* Begin PBXBuildFile section */
		7B0513E228767A5400BCC0E1 /* DataModel.xcdatamodeld in Sources */ = {isa = PBXBuildFile; fileRef = 7B0513E028767A5400BCC0E1 /* DataModel.xcdatamodeld */; };
		7B0513E5287682E600BCC0E1 /* PersistenceController.swift in Sources */ = {isa = PBXBuildFile; fileRef = 7B0513E4287682E600BCC0E1 /* PersistenceController.swift */; };
		7B0513EA2876BC6800BCC0E1 /* SettingsViewModel.swift in Sources */ = {isa = PBXBuildFile; fileRef = 7B0513E92876BC6800BCC0E1 /* SettingsViewModel.swift */; };
		7B0513EC2876BD5B00BCC0E1 /* ProfileViewModel.swift in Sources */ = {isa = PBXBuildFile; fileRef = 7B0513EB2876BD5B00BCC0E1 /* ProfileViewModel.swift */; };
		7B0513EF2876FEB600BCC0E1 /* CustumAlert.swift in Sources */ = {isa = PBXBuildFile; fileRef = 7B0513EE2876FEB600BCC0E1 /* CustumAlert.swift */; };
		7B0513F328812B4400BCC0E1 /* TimeFormatter.swift in Sources */ = {isa = PBXBuildFile; fileRef = 7B0513F228812B4400BCC0E1 /* TimeFormatter.swift */; };
		7BAEF33E2886CBFC00313991 /* GestureDirection.swift in Sources */ = {isa = PBXBuildFile; fileRef = 7BAEF33D2886CBFC00313991 /* GestureDirection.swift */; };
		7BE2EC13286D10E40008BB0F /* ShiftManager_SwiftUIApp.swift in Sources */ = {isa = PBXBuildFile; fileRef = 7BE2EC12286D10E40008BB0F /* ShiftManager_SwiftUIApp.swift */; };
		7BE2EC15286D10E40008BB0F /* ContentView.swift in Sources */ = {isa = PBXBuildFile; fileRef = 7BE2EC14286D10E40008BB0F /* ContentView.swift */; };
		7BE2EC17286D10E50008BB0F /* Assets.xcassets in Resources */ = {isa = PBXBuildFile; fileRef = 7BE2EC16286D10E50008BB0F /* Assets.xcassets */; };
		7BE2EC1A286D10E50008BB0F /* Preview Assets.xcassets in Resources */ = {isa = PBXBuildFile; fileRef = 7BE2EC19286D10E50008BB0F /* Preview Assets.xcassets */; };
		7BE2EC23286D19040008BB0F /* ProfileView.swift in Sources */ = {isa = PBXBuildFile; fileRef = 7BE2EC22286D19040008BB0F /* ProfileView.swift */; };
		7BE2EC25286D19300008BB0F /* SettingsView.swift in Sources */ = {isa = PBXBuildFile; fileRef = 7BE2EC24286D19300008BB0F /* SettingsView.swift */; };
		7BE2EC27286D19560008BB0F /* ShiftManageView.swift in Sources */ = {isa = PBXBuildFile; fileRef = 7BE2EC26286D19560008BB0F /* ShiftManageView.swift */; };
/* End PBXBuildFile section */

/* Begin PBXFileReference section */
		7B0513E128767A5400BCC0E1 /* DataModel.xcdatamodel */ = {isa = PBXFileReference; lastKnownFileType = wrapper.xcdatamodel; path = DataModel.xcdatamodel; sourceTree = "<group>"; };
		7B0513E4287682E600BCC0E1 /* PersistenceController.swift */ = {isa = PBXFileReference; lastKnownFileType = sourcecode.swift; path = PersistenceController.swift; sourceTree = "<group>"; };
		7B0513E92876BC6800BCC0E1 /* SettingsViewModel.swift */ = {isa = PBXFileReference; lastKnownFileType = sourcecode.swift; path = SettingsViewModel.swift; sourceTree = "<group>"; };
		7B0513EB2876BD5B00BCC0E1 /* ProfileViewModel.swift */ = {isa = PBXFileReference; lastKnownFileType = sourcecode.swift; path = ProfileViewModel.swift; sourceTree = "<group>"; };
		7B0513EE2876FEB600BCC0E1 /* CustumAlert.swift */ = {isa = PBXFileReference; lastKnownFileType = sourcecode.swift; path = CustumAlert.swift; sourceTree = "<group>"; };
		7B0513F228812B4400BCC0E1 /* TimeFormatter.swift */ = {isa = PBXFileReference; lastKnownFileType = sourcecode.swift; path = TimeFormatter.swift; sourceTree = "<group>"; };
		7BAEF33D2886CBFC00313991 /* GestureDirection.swift */ = {isa = PBXFileReference; lastKnownFileType = sourcecode.swift; path = GestureDirection.swift; sourceTree = "<group>"; };
		7BE2EC0F286D10E40008BB0F /* ShiftManager_SwiftUI.app */ = {isa = PBXFileReference; explicitFileType = wrapper.application; includeInIndex = 0; path = ShiftManager_SwiftUI.app; sourceTree = BUILT_PRODUCTS_DIR; };
		7BE2EC12286D10E40008BB0F /* ShiftManager_SwiftUIApp.swift */ = {isa = PBXFileReference; lastKnownFileType = sourcecode.swift; path = ShiftManager_SwiftUIApp.swift; sourceTree = "<group>"; };
		7BE2EC14286D10E40008BB0F /* ContentView.swift */ = {isa = PBXFileReference; lastKnownFileType = sourcecode.swift; path = ContentView.swift; sourceTree = "<group>"; };
		7BE2EC16286D10E50008BB0F /* Assets.xcassets */ = {isa = PBXFileReference; lastKnownFileType = folder.assetcatalog; path = Assets.xcassets; sourceTree = "<group>"; };
		7BE2EC19286D10E50008BB0F /* Preview Assets.xcassets */ = {isa = PBXFileReference; lastKnownFileType = folder.assetcatalog; path = "Preview Assets.xcassets"; sourceTree = "<group>"; };
		7BE2EC22286D19040008BB0F /* ProfileView.swift */ = {isa = PBXFileReference; lastKnownFileType = sourcecode.swift; path = ProfileView.swift; sourceTree = "<group>"; };
		7BE2EC24286D19300008BB0F /* SettingsView.swift */ = {isa = PBXFileReference; lastKnownFileType = sourcecode.swift; path = SettingsView.swift; sourceTree = "<group>"; };
		7BE2EC26286D19560008BB0F /* ShiftManageView.swift */ = {isa = PBXFileReference; lastKnownFileType = sourcecode.swift; path = ShiftManageView.swift; sourceTree = "<group>"; };
/* End PBXFileReference section */

/* Begin PBXFrameworksBuildPhase section */
		7BE2EC0C286D10E40008BB0F /* Frameworks */ = {
			isa = PBXFrameworksBuildPhase;
			buildActionMask = 2147483647;
			files = (
			);
			runOnlyForDeploymentPostprocessing = 0;
		};
/* End PBXFrameworksBuildPhase section */

/* Begin PBXGroup section */
		7B0513DD287679D600BCC0E1 /* ShiftManageView */ = {
			isa = PBXGroup;
			children = (
				7BE2EC26286D19560008BB0F /* ShiftManageView.swift */,
			);
			path = ShiftManageView;
			sourceTree = "<group>";
		};
		7B0513DE287679E600BCC0E1 /* ProfileView */ = {
			isa = PBXGroup;
			children = (
				7BE2EC22286D19040008BB0F /* ProfileView.swift */,
				7B0513EB2876BD5B00BCC0E1 /* ProfileViewModel.swift */,
			);
			path = ProfileView;
			sourceTree = "<group>";
		};
		7B0513DF287679ED00BCC0E1 /* SettingsView */ = {
			isa = PBXGroup;
			children = (
				7BE2EC24286D19300008BB0F /* SettingsView.swift */,
				7B0513E92876BC6800BCC0E1 /* SettingsViewModel.swift */,
			);
			path = SettingsView;
			sourceTree = "<group>";
		};
		7B0513E328767A6A00BCC0E1 /* DataModel */ = {
			isa = PBXGroup;
			children = (
				7B0513E028767A5400BCC0E1 /* DataModel.xcdatamodeld */,
			);
			path = DataModel;
			sourceTree = "<group>";
		};
		7B0513E628768A0D00BCC0E1 /* Main */ = {
			isa = PBXGroup;
			children = (
				7BE2EC12286D10E40008BB0F /* ShiftManager_SwiftUIApp.swift */,
				7B0513E4287682E600BCC0E1 /* PersistenceController.swift */,
				7BE2EC14286D10E40008BB0F /* ContentView.swift */,
			);
			path = Main;
			sourceTree = "<group>";
		};
		7B0513ED2876FE9A00BCC0E1 /* Helper */ = {
			isa = PBXGroup;
			children = (
				7B0513EE2876FEB600BCC0E1 /* CustumAlert.swift */,
				7B0513F228812B4400BCC0E1 /* TimeFormatter.swift */,
				7BAEF33D2886CBFC00313991 /* GestureDirection.swift */,
			);
			path = Helper;
			sourceTree = "<group>";
		};
		7BE2EC06286D10E40008BB0F = {
			isa = PBXGroup;
			children = (
				7BE2EC11286D10E40008BB0F /* ShiftManager_SwiftUI */,
				7BE2EC10286D10E40008BB0F /* Products */,
			);
			sourceTree = "<group>";
		};
		7BE2EC10286D10E40008BB0F /* Products */ = {
			isa = PBXGroup;
			children = (
				7BE2EC0F286D10E40008BB0F /* ShiftManager_SwiftUI.app */,
			);
			name = Products;
			sourceTree = "<group>";
		};
		7BE2EC11286D10E40008BB0F /* ShiftManager_SwiftUI */ = {
			isa = PBXGroup;
			children = (
				7B0513ED2876FE9A00BCC0E1 /* Helper */,
				7B0513E628768A0D00BCC0E1 /* Main */,
				7B0513E328767A6A00BCC0E1 /* DataModel */,
				7B0513DD287679D600BCC0E1 /* ShiftManageView */,
				7B0513DE287679E600BCC0E1 /* ProfileView */,
				7B0513DF287679ED00BCC0E1 /* SettingsView */,
				7BE2EC16286D10E50008BB0F /* Assets.xcassets */,
				7BE2EC18286D10E50008BB0F /* Preview Content */,
			);
			path = ShiftManager_SwiftUI;
			sourceTree = "<group>";
		};
		7BE2EC18286D10E50008BB0F /* Preview Content */ = {
			isa = PBXGroup;
			children = (
				7BE2EC19286D10E50008BB0F /* Preview Assets.xcassets */,
			);
			path = "Preview Content";
			sourceTree = "<group>";
		};
/* End PBXGroup section */

/* Begin PBXNativeTarget section */
		7BE2EC0E286D10E40008BB0F /* ShiftManager_SwiftUI */ = {
			isa = PBXNativeTarget;
			buildConfigurationList = 7BE2EC1D286D10E50008BB0F /* Build configuration list for PBXNativeTarget "ShiftManager_SwiftUI" */;
			buildPhases = (
				7BE2EC0B286D10E40008BB0F /* Sources */,
				7BE2EC0C286D10E40008BB0F /* Frameworks */,
				7BE2EC0D286D10E40008BB0F /* Resources */,
			);
			buildRules = (
			);
			dependencies = (
			);
			name = ShiftManager_SwiftUI;
			productName = ShiftManager_SwiftUI;
			productReference = 7BE2EC0F286D10E40008BB0F /* ShiftManager_SwiftUI.app */;
			productType = "com.apple.product-type.application";
		};
/* End PBXNativeTarget section */

/* Begin PBXProject section */
		7BE2EC07286D10E40008BB0F /* Project object */ = {
			isa = PBXProject;
			attributes = {
				BuildIndependentTargetsInParallel = 1;
				LastSwiftUpdateCheck = 1340;
				LastUpgradeCheck = 1340;
				TargetAttributes = {
					7BE2EC0E286D10E40008BB0F = {
						CreatedOnToolsVersion = 13.4.1;
					};
				};
			};
			buildConfigurationList = 7BE2EC0A286D10E40008BB0F /* Build configuration list for PBXProject "ShiftManager_SwiftUI" */;
			compatibilityVersion = "Xcode 13.0";
			developmentRegion = en;
			hasScannedForEncodings = 0;
			knownRegions = (
				en,
				Base,
			);
			mainGroup = 7BE2EC06286D10E40008BB0F;
			productRefGroup = 7BE2EC10286D10E40008BB0F /* Products */;
			projectDirPath = "";
			projectRoot = "";
			targets = (
				7BE2EC0E286D10E40008BB0F /* ShiftManager_SwiftUI */,
			);
		};
/* End PBXProject section */

/* Begin PBXResourcesBuildPhase section */
		7BE2EC0D286D10E40008BB0F /* Resources */ = {
			isa = PBXResourcesBuildPhase;
			buildActionMask = 2147483647;
			files = (
				7BE2EC1A286D10E50008BB0F /* Preview Assets.xcassets in Resources */,
				7BE2EC17286D10E50008BB0F /* Assets.xcassets in Resources */,
			);
			runOnlyForDeploymentPostprocessing = 0;
		};
/* End PBXResourcesBuildPhase section */

/* Begin PBXSourcesBuildPhase section */
		7BE2EC0B286D10E40008BB0F /* Sources */ = {
			isa = PBXSourcesBuildPhase;
			buildActionMask = 2147483647;
			files = (
				7BE2EC23286D19040008BB0F /* ProfileView.swift in Sources */,
				7B0513E5287682E600BCC0E1 /* PersistenceController.swift in Sources */,
				7BE2EC27286D19560008BB0F /* ShiftManageView.swift in Sources */,
				7B0513EF2876FEB600BCC0E1 /* CustumAlert.swift in Sources */,
				7B0513EC2876BD5B00BCC0E1 /* ProfileViewModel.swift in Sources */,
				7BE2EC25286D19300008BB0F /* SettingsView.swift in Sources */,
				7B0513F328812B4400BCC0E1 /* TimeFormatter.swift in Sources */,
				7B0513E228767A5400BCC0E1 /* DataModel.xcdatamodeld in Sources */,
				7BE2EC15286D10E40008BB0F /* ContentView.swift in Sources */,
				7BAEF33E2886CBFC00313991 /* GestureDirection.swift in Sources */,
				7BE2EC13286D10E40008BB0F /* ShiftManager_SwiftUIApp.swift in Sources */,
				7B0513EA2876BC6800BCC0E1 /* SettingsViewModel.swift in Sources */,
			);
			runOnlyForDeploymentPostprocessing = 0;
		};
/* End PBXSourcesBuildPhase section */

/* Begin XCBuildConfiguration section */
		7BE2EC1B286D10E50008BB0F /* Debug */ = {
			isa = XCBuildConfiguration;
			buildSettings = {
				ALWAYS_SEARCH_USER_PATHS = NO;
				CLANG_ANALYZER_NONNULL = YES;
				CLANG_ANALYZER_NUMBER_OBJECT_CONVERSION = YES_AGGRESSIVE;
				CLANG_CXX_LANGUAGE_STANDARD = "gnu++17";
				CLANG_ENABLE_MODULES = YES;
				CLANG_ENABLE_OBJC_ARC = YES;
				CLANG_ENABLE_OBJC_WEAK = YES;
				CLANG_WARN_BLOCK_CAPTURE_AUTORELEASING = YES;
				CLANG_WARN_BOOL_CONVERSION = YES;
				CLANG_WARN_COMMA = YES;
				CLANG_WARN_CONSTANT_CONVERSION = YES;
				CLANG_WARN_DEPRECATED_OBJC_IMPLEMENTATIONS = YES;
				CLANG_WARN_DIRECT_OBJC_ISA_USAGE = YES_ERROR;
				CLANG_WARN_DOCUMENTATION_COMMENTS = YES;
				CLANG_WARN_EMPTY_BODY = YES;
				CLANG_WARN_ENUM_CONVERSION = YES;
				CLANG_WARN_INFINITE_RECURSION = YES;
				CLANG_WARN_INT_CONVERSION = YES;
				CLANG_WARN_NON_LITERAL_NULL_CONVERSION = YES;
				CLANG_WARN_OBJC_IMPLICIT_RETAIN_SELF = YES;
				CLANG_WARN_OBJC_LITERAL_CONVERSION = YES;
				CLANG_WARN_OBJC_ROOT_CLASS = YES_ERROR;
				CLANG_WARN_QUOTED_INCLUDE_IN_FRAMEWORK_HEADER = YES;
				CLANG_WARN_RANGE_LOOP_ANALYSIS = YES;
				CLANG_WARN_STRICT_PROTOTYPES = YES;
				CLANG_WARN_SUSPICIOUS_MOVE = YES;
				CLANG_WARN_UNGUARDED_AVAILABILITY = YES_AGGRESSIVE;
				CLANG_WARN_UNREACHABLE_CODE = YES;
				CLANG_WARN__DUPLICATE_METHOD_MATCH = YES;
				COPY_PHASE_STRIP = NO;
				DEBUG_INFORMATION_FORMAT = dwarf;
				ENABLE_STRICT_OBJC_MSGSEND = YES;
				ENABLE_TESTABILITY = YES;
				GCC_C_LANGUAGE_STANDARD = gnu11;
				GCC_DYNAMIC_NO_PIC = NO;
				GCC_NO_COMMON_BLOCKS = YES;
				GCC_OPTIMIZATION_LEVEL = 0;
				GCC_PREPROCESSOR_DEFINITIONS = (
					"DEBUG=1",
					"$(inherited)",
				);
				GCC_WARN_64_TO_32_BIT_CONVERSION = YES;
				GCC_WARN_ABOUT_RETURN_TYPE = YES_ERROR;
				GCC_WARN_UNDECLARED_SELECTOR = YES;
				GCC_WARN_UNINITIALIZED_AUTOS = YES_AGGRESSIVE;
				GCC_WARN_UNUSED_FUNCTION = YES;
				GCC_WARN_UNUSED_VARIABLE = YES;
				IPHONEOS_DEPLOYMENT_TARGET = 15.5;
				MTL_ENABLE_DEBUG_INFO = INCLUDE_SOURCE;
				MTL_FAST_MATH = YES;
				ONLY_ACTIVE_ARCH = YES;
				SDKROOT = iphoneos;
				SWIFT_ACTIVE_COMPILATION_CONDITIONS = DEBUG;
				SWIFT_OPTIMIZATION_LEVEL = "-Onone";
			};
			name = Debug;
		};
		7BE2EC1C286D10E50008BB0F /* Release */ = {
			isa = XCBuildConfiguration;
			buildSettings = {
				ALWAYS_SEARCH_USER_PATHS = NO;
				CLANG_ANALYZER_NONNULL = YES;
				CLANG_ANALYZER_NUMBER_OBJECT_CONVERSION = YES_AGGRESSIVE;
				CLANG_CXX_LANGUAGE_STANDARD = "gnu++17";
				CLANG_ENABLE_MODULES = YES;
				CLANG_ENABLE_OBJC_ARC = YES;
				CLANG_ENABLE_OBJC_WEAK = YES;
				CLANG_WARN_BLOCK_CAPTURE_AUTORELEASING = YES;
				CLANG_WARN_BOOL_CONVERSION = YES;
				CLANG_WARN_COMMA = YES;
				CLANG_WARN_CONSTANT_CONVERSION = YES;
				CLANG_WARN_DEPRECATED_OBJC_IMPLEMENTATIONS = YES;
				CLANG_WARN_DIRECT_OBJC_ISA_USAGE = YES_ERROR;
				CLANG_WARN_DOCUMENTATION_COMMENTS = YES;
				CLANG_WARN_EMPTY_BODY = YES;
				CLANG_WARN_ENUM_CONVERSION = YES;
				CLANG_WARN_INFINITE_RECURSION = YES;
				CLANG_WARN_INT_CONVERSION = YES;
				CLANG_WARN_NON_LITERAL_NULL_CONVERSION = YES;
				CLANG_WARN_OBJC_IMPLICIT_RETAIN_SELF = YES;
				CLANG_WARN_OBJC_LITERAL_CONVERSION = YES;
				CLANG_WARN_OBJC_ROOT_CLASS = YES_ERROR;
				CLANG_WARN_QUOTED_INCLUDE_IN_FRAMEWORK_HEADER = YES;
				CLANG_WARN_RANGE_LOOP_ANALYSIS = YES;
				CLANG_WARN_STRICT_PROTOTYPES = YES;
				CLANG_WARN_SUSPICIOUS_MOVE = YES;
				CLANG_WARN_UNGUARDED_AVAILABILITY = YES_AGGRESSIVE;
				CLANG_WARN_UNREACHABLE_CODE = YES;
				CLANG_WARN__DUPLICATE_METHOD_MATCH = YES;
				COPY_PHASE_STRIP = NO;
				DEBUG_INFORMATION_FORMAT = "dwarf-with-dsym";
				ENABLE_NS_ASSERTIONS = NO;
				ENABLE_STRICT_OBJC_MSGSEND = YES;
				GCC_C_LANGUAGE_STANDARD = gnu11;
				GCC_NO_COMMON_BLOCKS = YES;
				GCC_WARN_64_TO_32_BIT_CONVERSION = YES;
				GCC_WARN_ABOUT_RETURN_TYPE = YES_ERROR;
				GCC_WARN_UNDECLARED_SELECTOR = YES;
				GCC_WARN_UNINITIALIZED_AUTOS = YES_AGGRESSIVE;
				GCC_WARN_UNUSED_FUNCTION = YES;
				GCC_WARN_UNUSED_VARIABLE = YES;
				IPHONEOS_DEPLOYMENT_TARGET = 15.5;
				MTL_ENABLE_DEBUG_INFO = NO;
				MTL_FAST_MATH = YES;
				SDKROOT = iphoneos;
				SWIFT_COMPILATION_MODE = wholemodule;
				SWIFT_OPTIMIZATION_LEVEL = "-O";
				VALIDATE_PRODUCT = YES;
			};
			name = Release;
		};
		7BE2EC1E286D10E50008BB0F /* Debug */ = {
			isa = XCBuildConfiguration;
			buildSettings = {
				ASSETCATALOG_COMPILER_APPICON_NAME = AppIcon;
				ASSETCATALOG_COMPILER_GLOBAL_ACCENT_COLOR_NAME = AccentColor;
				CODE_SIGN_STYLE = Automatic;
				CURRENT_PROJECT_VERSION = 1;
				DEVELOPMENT_ASSET_PATHS = "\"ShiftManager_SwiftUI/Preview Content\"";
				DEVELOPMENT_TEAM = 73PJ5HL78M;
				ENABLE_PREVIEWS = YES;
				GENERATE_INFOPLIST_FILE = YES;
				INFOPLIST_KEY_UIApplicationSceneManifest_Generation = YES;
				INFOPLIST_KEY_UIApplicationSupportsIndirectInputEvents = YES;
				INFOPLIST_KEY_UILaunchScreen_Generation = YES;
				INFOPLIST_KEY_UISupportedInterfaceOrientations_iPad = "UIInterfaceOrientationPortrait UIInterfaceOrientationPortraitUpsideDown UIInterfaceOrientationLandscapeLeft UIInterfaceOrientationLandscapeRight";
				INFOPLIST_KEY_UISupportedInterfaceOrientations_iPhone = "UIInterfaceOrientationPortrait UIInterfaceOrientationLandscapeLeft UIInterfaceOrientationLandscapeRight";
				LD_RUNPATH_SEARCH_PATHS = (
					"$(inherited)",
					"@executable_path/Frameworks",
				);
				MARKETING_VERSION = 1.0;
				PRODUCT_BUNDLE_IDENTIFIER = "AngusYeh.ShiftManager-SwiftUI";
				PRODUCT_NAME = "$(TARGET_NAME)";
				SWIFT_EMIT_LOC_STRINGS = YES;
				SWIFT_VERSION = 5.0;
				TARGETED_DEVICE_FAMILY = "1,2";
			};
			name = Debug;
		};
		7BE2EC1F286D10E50008BB0F /* Release */ = {
			isa = XCBuildConfiguration;
			buildSettings = {
				ASSETCATALOG_COMPILER_APPICON_NAME = AppIcon;
				ASSETCATALOG_COMPILER_GLOBAL_ACCENT_COLOR_NAME = AccentColor;
				CODE_SIGN_STYLE = Automatic;
				CURRENT_PROJECT_VERSION = 1;
				DEVELOPMENT_ASSET_PATHS = "\"ShiftManager_SwiftUI/Preview Content\"";
				DEVELOPMENT_TEAM = 73PJ5HL78M;
				ENABLE_PREVIEWS = YES;
				GENERATE_INFOPLIST_FILE = YES;
				INFOPLIST_KEY_UIApplicationSceneManifest_Generation = YES;
				INFOPLIST_KEY_UIApplicationSupportsIndirectInputEvents = YES;
				INFOPLIST_KEY_UILaunchScreen_Generation = YES;
				INFOPLIST_KEY_UISupportedInterfaceOrientations_iPad = "UIInterfaceOrientationPortrait UIInterfaceOrientationPortraitUpsideDown UIInterfaceOrientationLandscapeLeft UIInterfaceOrientationLandscapeRight";
				INFOPLIST_KEY_UISupportedInterfaceOrientations_iPhone = "UIInterfaceOrientationPortrait UIInterfaceOrientationLandscapeLeft UIInterfaceOrientationLandscapeRight";
				LD_RUNPATH_SEARCH_PATHS = (
					"$(inherited)",
					"@executable_path/Frameworks",
				);
				MARKETING_VERSION = 1.0;
				PRODUCT_BUNDLE_IDENTIFIER = "AngusYeh.ShiftManager-SwiftUI";
				PRODUCT_NAME = "$(TARGET_NAME)";
				SWIFT_EMIT_LOC_STRINGS = YES;
				SWIFT_VERSION = 5.0;
				TARGETED_DEVICE_FAMILY = "1,2";
			};
			name = Release;
		};
/* End XCBuildConfiguration section */

/* Begin XCConfigurationList section */
		7BE2EC0A286D10E40008BB0F /* Build configuration list for PBXProject "ShiftManager_SwiftUI" */ = {
			isa = XCConfigurationList;
			buildConfigurations = (
				7BE2EC1B286D10E50008BB0F /* Debug */,
				7BE2EC1C286D10E50008BB0F /* Release */,
			);
			defaultConfigurationIsVisible = 0;
			defaultConfigurationName = Release;
		};
		7BE2EC1D286D10E50008BB0F /* Build configuration list for PBXNativeTarget "ShiftManager_SwiftUI" */ = {
			isa = XCConfigurationList;
			buildConfigurations = (
				7BE2EC1E286D10E50008BB0F /* Debug */,
				7BE2EC1F286D10E50008BB0F /* Release */,
			);
			defaultConfigurationIsVisible = 0;
			defaultConfigurationName = Release;
		};
/* End XCConfigurationList section */

/* Begin XCVersionGroup section */
		7B0513E028767A5400BCC0E1 /* DataModel.xcdatamodeld */ = {
			isa = XCVersionGroup;
			children = (
				7B0513E128767A5400BCC0E1 /* DataModel.xcdatamodel */,
			);
			currentVersion = 7B0513E128767A5400BCC0E1 /* DataModel.xcdatamodel */;
			path = DataModel.xcdatamodeld;
			sourceTree = "<group>";
			versionGroupType = wrapper.xcdatamodel;
		};
/* End XCVersionGroup section */
	};
	rootObject = 7BE2EC07286D10E40008BB0F /* Project object */;
}
